
Microsoft Visual Studio Solution File, Format Version 12.00
# Visual Studio Version 17
VisualStudioVersion = 17.4.33213.308
MinimumVisualStudioVersion = 10.0.40219.1
Project("{FAE04EC0-301F-11D3-BF4B-00C04F79EFBC}") = "pr_design", "pr_design\pr_design.csproj", "{86FAF696-76B3-4251-8A5F-52578F85A8F9}"
EndProject
Global
	GlobalSection(SolutionConfigurationPlatforms) = preSolution
		Debug|Any CPU = Debug|Any CPU
		Release|Any CPU = Release|Any CPU
	EndGlobalSection
	GlobalSection(ProjectConfigurationPlatforms) = postSolution
		{86FAF696-76B3-4251-8A5F-52578F85A8F9}.Debug|Any CPU.ActiveCfg = Debug|Any CPU
		{86FAF696-76B3-4251-8A5F-52578F85A8F9}.Debug|Any CPU.Build.0 = Debug|Any CPU
		{86FAF696-76B3-4251-8A5F-52578F85A8F9}.Release|Any CPU.ActiveCfg = Release|Any CPU
		{86FAF696-76B3-4251-8A5F-52578F85A8F9}.Release|Any CPU.Build.0 = Release|Any CPU
	EndGlobalSection
	GlobalSection(SolutionProperties) = preSolution
		HideSolutionNode = FALSE
	EndGlobalSection
	GlobalSection(ExtensibilityGlobals) = postSolution
		SolutionGuid = {65F9F076-521E-4284-9A17-A208A7814668}
	EndGlobalSection
EndGlobal
